
Microsoft Visual Studio Solution File, Format Version 12.00
# Visual Studio Version 17
VisualStudioVersion = 17.5.001.0
MinimumVisualStudioVersion = 10.0.40219.1
Project("{9A19103F-16F7-4668-BE54-9A1E7A4F7556}") = "JSON_PG", "JSON_PG.csproj", "{DF9E3449-43BC-4335-95DF-BA7752F236E8}"
EndProject
Global
	GlobalSection(SolutionConfigurationPlatforms) = preSolution
		Debug|Any CPU = Debug|Any CPU
		Release|Any CPU = Release|Any CPU
	EndGlobalSection
	GlobalSection(ProjectConfigurationPlatforms) = postSolution
		{DF9E3449-43BC-4335-95DF-BA7752F236E8}.Debug|Any CPU.ActiveCfg = Debug|Any CPU
		{DF9E3449-43BC-4335-95DF-BA7752F236E8}.Debug|Any CPU.Build.0 = Debug|Any CPU
		{DF9E3449-43BC-4335-95DF-BA7752F236E8}.Release|Any CPU.ActiveCfg = Release|Any CPU
		{DF9E3449-43BC-4335-95DF-BA7752F236E8}.Release|Any CPU.Build.0 = Release|Any CPU
	EndGlobalSection
	GlobalSection(SolutionProperties) = preSolution
		HideSolutionNode = FALSE
	EndGlobalSection
	GlobalSection(ExtensibilityGlobals) = postSolution
		SolutionGuid = {BDBFE9CF-51E4-40DE-A788-17729779B269}
	EndGlobalSection
EndGlobal
